{
  "name": "medico-react-apollo",
  "version": "0.1.0",
  "lockfileVersion": 1,
  "requires": true,
  "dependencies": {
    "downshift": {
      "version": "1.28.5",
      "resolved": "https://registry.npmjs.org/downshift/-/downshift-1.28.5.tgz",
      "integrity": "sha512-Vlc1TaIxJJ9pLiCE3wzoAc/7uEN25eUdW11irNB5T8O2/NOUkuSp/bevZUyRsHa6HD9i7Ov5mx+RBs4RHScAyA=="
    }
  }
}
